
Microsoft Visual Studio Solution File, Format Version 12.00
# Visual Studio 15
VisualStudioVersion = 15.0.28010.2041
MinimumVisualStudioVersion = 10.0.40219.1
Project("{FAE04EC0-301F-11D3-BF4B-00C04F79EFBC}") = "DeponencyAnalyzer", "DeponencyAnalyzer\DeponencyAnalyzer.csproj", "{884C6609-3D90-4E3A-B317-0C83627D72CD}"
EndProject
Global
	GlobalSection(SolutionConfigurationPlatforms) = preSolution
		Debug|Any CPU = Debug|Any CPU
		Release|Any CPU = Release|Any CPU
	EndGlobalSection
	GlobalSection(ProjectConfigurationPlatforms) = postSolution
		{884C6609-3D90-4E3A-B317-0C83627D72CD}.Debug|Any CPU.ActiveCfg = Debug|Any CPU
		{884C6609-3D90-4E3A-B317-0C83627D72CD}.Debug|Any CPU.Build.0 = Debug|Any CPU
		{884C6609-3D90-4E3A-B317-0C83627D72CD}.Release|Any CPU.ActiveCfg = Release|Any CPU
		{884C6609-3D90-4E3A-B317-0C83627D72CD}.Release|Any CPU.Build.0 = Release|Any CPU
	EndGlobalSection
	GlobalSection(SolutionProperties) = preSolution
		HideSolutionNode = FALSE
	EndGlobalSection
	GlobalSection(ExtensibilityGlobals) = postSolution
		SolutionGuid = {1F7CC366-09D0-44B8-940F-B0A6AC6FE3F7}
	EndGlobalSection
EndGlobal
